{
  "requires": true,
  "lockfileVersion": 1,
  "dependencies": {
    "@types/node": {
      "version": "10.1.2",
      "resolved": "https://registry.npmjs.org/@types/node/-/node-10.1.2.tgz",
      "integrity": "sha512-bjk1RIeZBCe/WukrFToIVegOf91Pebr8cXYBwLBIsfiGWVQ+ifwWsT59H3RxrWzWrzd1l/Amk1/ioY5Fq3/bpA==",
      "dev": true
    },
    "@types/socket.io": {
      "version": "1.4.33",
      "resolved": "https://registry.npmjs.org/@types/socket.io/-/socket.io-1.4.33.tgz",
      "integrity": "sha512-5B7fqv/VppCRyYaikMbVlOjy2sXpFxk3AiEyUBnm9HFJrJ8Roej+rekflxsY/la2+shXUWw0s8sRi0jbfQJvIw==",
      "dev": true,
      "requires": {
        "@types/node": "10.1.2"
      }
    },
    "@types/socket.io-client": {
      "version": "1.4.32",
      "resolved": "https://registry.npmjs.org/@types/socket.io-client/-/socket.io-client-1.4.32.tgz",
      "integrity": "sha512-Vs55Kq8F+OWvy1RLA31rT+cAyemzgm0EWNeax6BWF8H7QiiOYMJIdcwSDdm5LVgfEkoepsWkS+40+WNb7BUMbg==",
      "dev": true
    },
    "@types/sockjs-client": {
      "version": "1.1.0",
      "resolved": "https://registry.npmjs.org/@types/sockjs-client/-/sockjs-client-1.1.0.tgz",
      "integrity": "sha512-F3gD7AakaPGzzdTmvN8HYxlNL+vTnMykYSUoukRTRGUntH4lwjxG5wx3ZwdYBTA3sTo4duxHY+rRZMbIEBxhRQ==",
      "dev": true
    },
    "@types/stompjs": {
      "version": "2.3.3",
      "resolved": "https://registry.npmjs.org/@types/stompjs/-/stompjs-2.3.3.tgz",
      "integrity": "sha512-p6+AQ+YS9P0bIYgfyDxKBIoDTFnFPpARSyDdHX+bbpNnBsgg3/fKwK6jwROur4CHiyjgAvl5wcIxz2rOvOl7rQ==",
      "dev": true,
      "requires": {
        "@types/node": "10.1.2"
      }
    },
    "typescript": {
      "version": "2.8.3",
      "resolved": "https://registry.npmjs.org/typescript/-/typescript-2.8.3.tgz",
      "integrity": "sha512-K7g15Bb6Ra4lKf7Iq2l/I5/En+hLIHmxWZGq3D4DIRNFxMNV6j2SHSvDOqs2tGd4UvD/fJvrwopzQXjLrT7Itw==",
      "dev": true
    }
  }
}
